
Microsoft Visual Studio Solution File, Format Version 12.00
# Visual Studio 2012
Project("{FAE04EC0-301F-11D3-BF4B-00C04F79EFBC}") = "MISO_LoadPocket", "MISO_LoadPocket\MISO_LoadPocket.csproj", "{7367CE05-2AF0-4787-8141-0D1CE8BFBAED}"
EndProject
Global
	GlobalSection(SolutionConfigurationPlatforms) = preSolution
		Debug|Any CPU = Debug|Any CPU
		Release|Any CPU = Release|Any CPU
	EndGlobalSection
	GlobalSection(ProjectConfigurationPlatforms) = postSolution
		{7367CE05-2AF0-4787-8141-0D1CE8BFBAED}.Debug|Any CPU.ActiveCfg = Debug|Any CPU
		{7367CE05-2AF0-4787-8141-0D1CE8BFBAED}.Debug|Any CPU.Build.0 = Debug|Any CPU
		{7367CE05-2AF0-4787-8141-0D1CE8BFBAED}.Release|Any CPU.ActiveCfg = Release|Any CPU
		{7367CE05-2AF0-4787-8141-0D1CE8BFBAED}.Release|Any CPU.Build.0 = Release|Any CPU
	EndGlobalSection
EndGlobal
